// !$*UTF8*$!
{
	archiveVersion = 1;
	classes = {
	};
	objectVersion = 46;
	objects = {

/* Begin PBXBuildFile section */
		A0987FEFC92BD7CF7D39920E /* libPods.a in Frameworks */ = {isa = PBXBuildFile; fileRef = A720E564F9DDE9C4B737D2DF /* libPods.a */; };
		BE4592EE1B4D4AE90052228E /* main.m in Sources */ = {isa = PBXBuildFile; fileRef = BE4592ED1B4D4AE90052228E /* main.m */; };
		BE4592F11B4D4AE90052228E /* AppDelegate.m in Sources */ = {isa = PBXBuildFile; fileRef = BE4592F01B4D4AE90052228E /* AppDelegate.m */; };
		BE4593071B4D4AE90052228E /* OneblogiOSTests.m in Sources */ = {isa = PBXBuildFile; fileRef = BE4593061B4D4AE90052228E /* OneblogiOSTests.m */; };
		BE4F4DF21B4D717C00D8B0A7 /* Images.xcassets in Resources */ = {isa = PBXBuildFile; fileRef = BE4F4DF11B4D717C00D8B0A7 /* Images.xcassets */; };
/* End PBXBuildFile section */

/* Begin PBXContainerItemProxy section */
		BE4593031B4D4AE90052228E /* PBXContainerItemProxy */ = {
			isa = PBXContainerItemProxy;
			containerPortal = BE4592E11B4D4AE80052228E /* Project object */;
			proxyType = 1;
			remoteGlobalIDString = BE4592E81B4D4AE80052228E;
			remoteInfo = OneblogiOS;
		};
/* End PBXContainerItemProxy section */

/* Begin PBXFileReference section */
		150DF0AE053CEFE3F3A9DF8C /* Pods.release.xcconfig */ = {isa = PBXFileReference; includeInIndex = 1; lastKnownFileType = text.xcconfig; name = Pods.release.xcconfig; path = "Pods/Target Support Files/Pods/Pods.release.xcconfig"; sourceTree = "<group>"; };
		1E1D26251B4E2A4A00CD7A7F /* OneblogiOS copy-Info.plist */ = {isa = PBXFileReference; lastKnownFileType = text.plist.xml; name = "OneblogiOS copy-Info.plist"; path = "/Users/szgxa30/Documents/iOSWorkplace/OneblogiOS/OneblogiOS copy-Info.plist"; sourceTree = "<absolute>"; };
		79FD55F2D64AB4B4F05B96CB /* Pods.debug.xcconfig */ = {isa = PBXFileReference; includeInIndex = 1; lastKnownFileType = text.xcconfig; name = Pods.debug.xcconfig; path = "Pods/Target Support Files/Pods/Pods.debug.xcconfig"; sourceTree = "<group>"; };
		A720E564F9DDE9C4B737D2DF /* libPods.a */ = {isa = PBXFileReference; explicitFileType = archive.ar; includeInIndex = 0; path = libPods.a; sourceTree = BUILT_PRODUCTS_DIR; };
		BE4592E91B4D4AE90052228E /* OneblogiOS.app */ = {isa = PBXFileReference; explicitFileType = wrapper.application; includeInIndex = 0; path = OneblogiOS.app; sourceTree = BUILT_PRODUCTS_DIR; };
		BE4592ED1B4D4AE90052228E /* main.m */ = {isa = PBXFileReference; lastKnownFileType = sourcecode.c.objc; path = main.m; sourceTree = "<group>"; };
		BE4592EF1B4D4AE90052228E /* AppDelegate.h */ = {isa = PBXFileReference; lastKnownFileType = sourcecode.c.h; path = AppDelegate.h; sourceTree = "<group>"; };
		BE4592F01B4D4AE90052228E /* AppDelegate.m */ = {isa = PBXFileReference; lastKnownFileType = sourcecode.c.objc; path = AppDelegate.m; sourceTree = "<group>"; };
		BE4592FD1B4D4AE90052228E /* Info.plist */ = {isa = PBXFileReference; lastKnownFileType = text.plist.xml; path = Info.plist; sourceTree = "<group>"; };
		BE4593021B4D4AE90052228E /* OneblogiOSTests.xctest */ = {isa = PBXFileReference; explicitFileType = wrapper.cfbundle; includeInIndex = 0; path = OneblogiOSTests.xctest; sourceTree = BUILT_PRODUCTS_DIR; };
		BE4593061B4D4AE90052228E /* OneblogiOSTests.m */ = {isa = PBXFileReference; lastKnownFileType = sourcecode.c.objc; path = OneblogiOSTests.m; sourceTree = "<group>"; };
		BE4593081B4D4AE90052228E /* Info.plist */ = {isa = PBXFileReference; lastKnownFileType = text.plist.xml; path = Info.plist; sourceTree = "<group>"; };
		BE4F4DF11B4D717C00D8B0A7 /* Images.xcassets */ = {isa = PBXFileReference; lastKnownFileType = folder.assetcatalog; path = Images.xcassets; sourceTree = "<group>"; };
/* End PBXFileReference section */

/* Begin PBXFrameworksBuildPhase section */
		BE4592E61B4D4AE80052228E /* Frameworks */ = {
			isa = PBXFrameworksBuildPhase;
			buildActionMask = 2147483647;
			files = (
				A0987FEFC92BD7CF7D39920E /* libPods.a in Frameworks */,
			);
			runOnlyForDeploymentPostprocessing = 0;
		};
		BE4592FF1B4D4AE90052228E /* Frameworks */ = {
			isa = PBXFrameworksBuildPhase;
			buildActionMask = 2147483647;
			files = (
			);
			runOnlyForDeploymentPostprocessing = 0;
		};
/* End PBXFrameworksBuildPhase section */

/* Begin PBXGroup section */
		158038DD4E487643F6FC02BD /* Pods */ = {
			isa = PBXGroup;
			children = (
				79FD55F2D64AB4B4F05B96CB /* Pods.debug.xcconfig */,
				150DF0AE053CEFE3F3A9DF8C /* Pods.release.xcconfig */,
			);
			name = Pods;
			sourceTree = "<group>";
		};
		1DF914FCC9B71EF0641C8346 /* Frameworks */ = {
			isa = PBXGroup;
			children = (
				A720E564F9DDE9C4B737D2DF /* libPods.a */,
			);
			name = Frameworks;
			sourceTree = "<group>";
		};
		BE4592E01B4D4AE80052228E = {
			isa = PBXGroup;
			children = (
				BE4592EB1B4D4AE90052228E /* OneblogiOS */,
				BE4593051B4D4AE90052228E /* OneblogiOSTests */,
				BE4592EA1B4D4AE90052228E /* Products */,
				158038DD4E487643F6FC02BD /* Pods */,
				1DF914FCC9B71EF0641C8346 /* Frameworks */,
				1E1D26251B4E2A4A00CD7A7F /* OneblogiOS copy-Info.plist */,
			);
			sourceTree = "<group>";
		};
		BE4592EA1B4D4AE90052228E /* Products */ = {
			isa = PBXGroup;
			children = (
				BE4592E91B4D4AE90052228E /* OneblogiOS.app */,
				BE4593021B4D4AE90052228E /* OneblogiOSTests.xctest */,
			);
			name = Products;
			sourceTree = "<group>";
		};
		BE4592EB1B4D4AE90052228E /* OneblogiOS */ = {
			isa = PBXGroup;
			children = (
				BE4592EF1B4D4AE90052228E /* AppDelegate.h */,
				BE4592F01B4D4AE90052228E /* AppDelegate.m */,
				BE4F4DF11B4D717C00D8B0A7 /* Images.xcassets */,
				BE4592EC1B4D4AE90052228E /* Supporting Files */,
			);
			path = OneblogiOS;
			sourceTree = "<group>";
		};
		BE4592EC1B4D4AE90052228E /* Supporting Files */ = {
			isa = PBXGroup;
			children = (
				BE4592FD1B4D4AE90052228E /* Info.plist */,
				BE4592ED1B4D4AE90052228E /* main.m */,
			);
			name = "Supporting Files";
			sourceTree = "<group>";
		};
		BE4593051B4D4AE90052228E /* OneblogiOSTests */ = {
			isa = PBXGroup;
			children = (
				BE4593061B4D4AE90052228E /* OneblogiOSTests.m */,
				BE4593081B4D4AE90052228E /* Info.plist */,
			);
			path = OneblogiOSTests;
			sourceTree = "<group>";
		};
/* End PBXGroup section */

/* Begin PBXNativeTarget section */
		BE4592E81B4D4AE80052228E /* OneblogiOS */ = {
			isa = PBXNativeTarget;
			buildConfigurationList = BE4593161B4D4AE90052228E /* Build configuration list for PBXNativeTarget "OneblogiOS" */;
			buildPhases = (
				FDD52887923F37D457988E4E /* Check Pods Manifest.lock */,
				BE4592E51B4D4AE80052228E /* Sources */,
				BE4592E61B4D4AE80052228E /* Frameworks */,
				BE4592E71B4D4AE80052228E /* Resources */,
				D2D2A340C019A9A8BE6335E0 /* Copy Pods Resources */,
			);
			buildRules = (
			);
			dependencies = (
			);
			name = OneblogiOS;
			productName = OneblogiOS;
			productReference = BE4592E91B4D4AE90052228E /* OneblogiOS.app */;
			productType = "com.apple.product-type.application";
		};
		BE4593011B4D4AE90052228E /* OneblogiOSTests */ = {
			isa = PBXNativeTarget;
			buildConfigurationList = BE4593191B4D4AE90052228E /* Build configuration list for PBXNativeTarget "OneblogiOSTests" */;
			buildPhases = (
				BE4592FE1B4D4AE90052228E /* Sources */,
				BE4592FF1B4D4AE90052228E /* Frameworks */,
				BE4593001B4D4AE90052228E /* Resources */,
			);
			buildRules = (
			);
			dependencies = (
				BE4593041B4D4AE90052228E /* PBXTargetDependency */,
			);
			name = OneblogiOSTests;
			productName = OneblogiOSTests;
			productReference = BE4593021B4D4AE90052228E /* OneblogiOSTests.xctest */;
			productType = "com.apple.product-type.bundle.unit-test";
		};
/* End PBXNativeTarget section */

/* Begin PBXProject section */
		BE4592E11B4D4AE80052228E /* Project object */ = {
			isa = PBXProject;
			attributes = {
				LastUpgradeCheck = 0700;
				ORGANIZATIONNAME = "Terwer Green";
				TargetAttributes = {
					BE4592E81B4D4AE80052228E = {
						CreatedOnToolsVersion = 7.0;
						DevelopmentTeam = ZR32MYTPH3;
					};
					BE4593011B4D4AE90052228E = {
						CreatedOnToolsVersion = 7.0;
						TestTargetID = BE4592E81B4D4AE80052228E;
					};
				};
			};
			buildConfigurationList = BE4592E41B4D4AE80052228E /* Build configuration list for PBXProject "OneblogiOS" */;
			compatibilityVersion = "Xcode 3.2";
			developmentRegion = English;
			hasScannedForEncodings = 0;
			knownRegions = (
				en,
				Base,
			);
			mainGroup = BE4592E01B4D4AE80052228E;
			productRefGroup = BE4592EA1B4D4AE90052228E /* Products */;
			projectDirPath = "";
			projectRoot = "";
			targets = (
				BE4592E81B4D4AE80052228E /* OneblogiOS */,
				BE4593011B4D4AE90052228E /* OneblogiOSTests */,
			);
		};
/* End PBXProject section */

/* Begin PBXResourcesBuildPhase section */
		BE4592E71B4D4AE80052228E /* Resources */ = {
			isa = PBXResourcesBuildPhase;
			buildActionMask = 2147483647;
			files = (
				BE4F4DF21B4D717C00D8B0A7 /* Images.xcassets in Resources */,
			);
			runOnlyForDeploymentPostprocessing = 0;
		};
		BE4593001B4D4AE90052228E /* Resources */ = {
			isa = PBXResourcesBuildPhase;
			buildActionMask = 2147483647;
			files = (
			);
			runOnlyForDeploymentPostprocessing = 0;
		};
/* End PBXResourcesBuildPhase section */

/* Begin PBXShellScriptBuildPhase section */
		D2D2A340C019A9A8BE6335E0 /* Copy Pods Resources */ = {
			isa = PBXShellScriptBuildPhase;
			buildActionMask = 2147483647;
			files = (
			);
			inputPaths = (
			);
			name = "Copy Pods Resources";
			outputPaths = (
			);
			runOnlyForDeploymentPostprocessing = 0;
			shellPath = /bin/sh;
			shellScript = "\"${SRCROOT}/Pods/Target Support Files/Pods/Pods-resources.sh\"\n";
			showEnvVarsInLog = 0;
		};
		FDD52887923F37D457988E4E /* Check Pods Manifest.lock */ = {
			isa = PBXShellScriptBuildPhase;
			buildActionMask = 2147483647;
			files = (
			);
			inputPaths = (
			);
			name = "Check Pods Manifest.lock";
			outputPaths = (
			);
			runOnlyForDeploymentPostprocessing = 0;
			shellPath = /bin/sh;
			shellScript = "diff \"${PODS_ROOT}/../Podfile.lock\" \"${PODS_ROOT}/Manifest.lock\" > /dev/null\nif [[ $? != 0 ]] ; then\n    cat << EOM\nerror: The sandbox is not in sync with the Podfile.lock. Run 'pod install' or update your CocoaPods installation.\nEOM\n    exit 1\nfi\n";
			showEnvVarsInLog = 0;
		};
/* End PBXShellScriptBuildPhase section */

/* Begin PBXSourcesBuildPhase section */
		BE4592E51B4D4AE80052228E /* Sources */ = {
			isa = PBXSourcesBuildPhase;
			buildActionMask = 2147483647;
			files = (
				BE4592F11B4D4AE90052228E /* AppDelegate.m in Sources */,
				BE4592EE1B4D4AE90052228E /* main.m in Sources */,
			);
			runOnlyForDeploymentPostprocessing = 0;
		};
		BE4592FE1B4D4AE90052228E /* Sources */ = {
			isa = PBXSourcesBuildPhase;
			buildActionMask = 2147483647;
			files = (
				BE4593071B4D4AE90052228E /* OneblogiOSTests.m in Sources */,
			);
			runOnlyForDeploymentPostprocessing = 0;
		};
/* End PBXSourcesBuildPhase section */

/* Begin PBXTargetDependency section */
		BE4593041B4D4AE90052228E /* PBXTargetDependency */ = {
			isa = PBXTargetDependency;
			target = BE4592E81B4D4AE80052228E /* OneblogiOS */;
			targetProxy = BE4593031B4D4AE90052228E /* PBXContainerItemProxy */;
		};
/* End PBXTargetDependency section */

/* Begin XCBuildConfiguration section */
		BE4593141B4D4AE90052228E /* Debug */ = {
			isa = XCBuildConfiguration;
			buildSettings = {
				ALWAYS_SEARCH_USER_PATHS = NO;
				CLANG_CXX_LANGUAGE_STANDARD = "gnu++0x";
				CLANG_CXX_LIBRARY = "libc++";
				CLANG_ENABLE_MODULES = YES;
				CLANG_ENABLE_OBJC_ARC = YES;
				CLANG_WARN_BOOL_CONVERSION = YES;
				CLANG_WARN_CONSTANT_CONVERSION = YES;
				CLANG_WARN_DIRECT_OBJC_ISA_USAGE = YES_ERROR;
				CLANG_WARN_EMPTY_BODY = YES;
				CLANG_WARN_ENUM_CONVERSION = YES;
				CLANG_WARN_INT_CONVERSION = YES;
				CLANG_WARN_OBJC_ROOT_CLASS = YES_ERROR;
				CLANG_WARN_UNREACHABLE_CODE = YES;
				CLANG_WARN__DUPLICATE_METHOD_MATCH = YES;
				"CODE_SIGN_IDENTITY[sdk=iphoneos*]" = "iPhone Developer";
				COPY_PHASE_STRIP = NO;
				DEBUG_INFORMATION_FORMAT = dwarf;
				ENABLE_STRICT_OBJC_MSGSEND = YES;
				ENABLE_TESTABILITY = YES;
				GCC_C_LANGUAGE_STANDARD = gnu99;
				GCC_DYNAMIC_NO_PIC = NO;
				GCC_NO_COMMON_BLOCKS = YES;
				GCC_OPTIMIZATION_LEVEL = 0;
				GCC_PREPROCESSOR_DEFINITIONS = (
					"DEBUG=1",
					"$(inherited)",
				);
				GCC_WARN_64_TO_32_BIT_CONVERSION = YES;
				GCC_WARN_ABOUT_RETURN_TYPE = YES_ERROR;
				GCC_WARN_UNDECLARED_SELECTOR = YES;
				GCC_WARN_UNINITIALIZED_AUTOS = YES_AGGRESSIVE;
				GCC_WARN_UNUSED_FUNCTION = YES;
				GCC_WARN_UNUSED_VARIABLE = YES;
				IPHONEOS_DEPLOYMENT_TARGET = 9.0;
				MTL_ENABLE_DEBUG_INFO = YES;
				ONLY_ACTIVE_ARCH = YES;
				SDKROOT = iphoneos;
				TARGETED_DEVICE_FAMILY = "1,2";
			};
			name = Debug;
		};
		BE4593151B4D4AE90052228E /* Release */ = {
			isa = XCBuildConfiguration;
			buildSettings = {
				ALWAYS_SEARCH_USER_PATHS = NO;
				CLANG_CXX_LANGUAGE_STANDARD = "gnu++0x";
				CLANG_CXX_LIBRARY = "libc++";
				CLANG_ENABLE_MODULES = YES;
				CLANG_ENABLE_OBJC_ARC = YES;
				CLANG_WARN_BOOL_CONVERSION = YES;
				CLANG_WARN_CONSTANT_CONVERSION = YES;
				CLANG_WARN_DIRECT_OBJC_ISA_USAGE = YES_ERROR;
				CLANG_WARN_EMPTY_BODY = YES;
				CLANG_WARN_ENUM_CONVERSION = YES;
				CLANG_WARN_INT_CONVERSION = YES;
				CLANG_WARN_OBJC_ROOT_CLASS = YES_ERROR;
				CLANG_WARN_UNREACHABLE_CODE = YES;
				CLANG_WARN__DUPLICATE_METHOD_MATCH = YES;
				"CODE_SIGN_IDENTITY[sdk=iphoneos*]" = "iPhone Developer";
				COPY_PHASE_STRIP = NO;
				DEBUG_INFORMATION_FORMAT = "dwarf-with-dsym";
				ENABLE_NS_ASSERTIONS = NO;
				ENABLE_STRICT_OBJC_MSGSEND = YES;
				GCC_C_LANGUAGE_STANDARD = gnu99;
				GCC_NO_COMMON_BLOCKS = YES;
				GCC_WARN_64_TO_32_BIT_CONVERSION = YES;
				GCC_WARN_ABOUT_RETURN_TYPE = YES_ERROR;
				GCC_WARN_UNDECLARED_SELECTOR = YES;
				GCC_WARN_UNINITIALIZED_AUTOS = YES_AGGRESSIVE;
				GCC_WARN_UNUSED_FUNCTION = YES;
				GCC_WARN_UNUSED_VARIABLE = YES;
				IPHONEOS_DEPLOYMENT_TARGET = 9.0;
				MTL_ENABLE_DEBUG_INFO = NO;
				SDKROOT = iphoneos;
				TARGETED_DEVICE_FAMILY = "1,2";
				VALIDATE_PRODUCT = YES;
			};
			name = Release;
		};
		BE4593171B4D4AE90052228E /* Debug */ = {
			isa = XCBuildConfiguration;
			baseConfigurationReference = 79FD55F2D64AB4B4F05B96CB /* Pods.debug.xcconfig */;
			buildSettings = {
				ASSETCATALOG_COMPILER_APPICON_NAME = AppIcon;
				ASSETCATALOG_COMPILER_LAUNCHIMAGE_NAME = LaunchImage;
				CODE_SIGN_IDENTITY = "iPhone Developer";
				INFOPLIST_FILE = OneblogiOS/Info.plist;
				IPHONEOS_DEPLOYMENT_TARGET = 7.0;
				LD_RUNPATH_SEARCH_PATHS = "$(inherited) @executable_path/Frameworks";
				PRODUCT_BUNDLE_IDENTIFIER = com.terwer.OneblogiOS;
				PRODUCT_NAME = "$(TARGET_NAME)";
			};
			name = Debug;
		};
		BE4593181B4D4AE90052228E /* Release */ = {
			isa = XCBuildConfiguration;
			baseConfigurationReference = 150DF0AE053CEFE3F3A9DF8C /* Pods.release.xcconfig */;
			buildSettings = {
				ASSETCATALOG_COMPILER_APPICON_NAME = AppIcon;
				ASSETCATALOG_COMPILER_LAUNCHIMAGE_NAME = LaunchImage;
				CODE_SIGN_IDENTITY = "iPhone Developer";
				INFOPLIST_FILE = OneblogiOS/Info.plist;
				IPHONEOS_DEPLOYMENT_TARGET = 7.0;
				LD_RUNPATH_SEARCH_PATHS = "$(inherited) @executable_path/Frameworks";
				PRODUCT_BUNDLE_IDENTIFIER = com.terwer.OneblogiOS;
				PRODUCT_NAME = "$(TARGET_NAME)";
			};
			name = Release;
		};
		BE45931A1B4D4AE90052228E /* Debug */ = {
			isa = XCBuildConfiguration;
			buildSettings = {
				BUNDLE_LOADER = "$(TEST_HOST)";
				INFOPLIST_FILE = OneblogiOSTests/Info.plist;
				IPHONEOS_DEPLOYMENT_TARGET = 7.0;
				LD_RUNPATH_SEARCH_PATHS = "$(inherited) @executable_path/Frameworks @loader_path/Frameworks";
				PRODUCT_BUNDLE_IDENTIFIER = com.terwer.OneblogiOSTests;
				PRODUCT_NAME = "$(TARGET_NAME)";
				TEST_HOST = "$(BUILT_PRODUCTS_DIR)/OneblogiOS.app/OneblogiOS";
			};
			name = Debug;
		};
		BE45931B1B4D4AE90052228E /* Release */ = {
			isa = XCBuildConfiguration;
			buildSettings = {
				BUNDLE_LOADER = "$(TEST_HOST)";
				INFOPLIST_FILE = OneblogiOSTests/Info.plist;
				IPHONEOS_DEPLOYMENT_TARGET = 7.0;
				LD_RUNPATH_SEARCH_PATHS = "$(inherited) @executable_path/Frameworks @loader_path/Frameworks";
				PRODUCT_BUNDLE_IDENTIFIER = com.terwer.OneblogiOSTests;
				PRODUCT_NAME = "$(TARGET_NAME)";
				TEST_HOST = "$(BUILT_PRODUCTS_DIR)/OneblogiOS.app/OneblogiOS";
			};
			name = Release;
		};
/* End XCBuildConfiguration section */

/* Begin XCConfigurationList section */
		BE4592E41B4D4AE80052228E /* Build configuration list for PBXProject "OneblogiOS" */ = {
			isa = XCConfigurationList;
			buildConfigurations = (
				BE4593141B4D4AE90052228E /* Debug */,
				BE4593151B4D4AE90052228E /* Release */,
			);
			defaultConfigurationIsVisible = 0;
			defaultConfigurationName = Release;
		};
		BE4593161B4D4AE90052228E /* Build configuration list for PBXNativeTarget "OneblogiOS" */ = {
			isa = XCConfigurationList;
			buildConfigurations = (
				BE4593171B4D4AE90052228E /* Debug */,
				BE4593181B4D4AE90052228E /* Release */,
			);
			defaultConfigurationIsVisible = 0;
			defaultConfigurationName = Release;
		};
		BE4593191B4D4AE90052228E /* Build configuration list for PBXNativeTarget "OneblogiOSTests" */ = {
			isa = XCConfigurationList;
			buildConfigurations = (
				BE45931A1B4D4AE90052228E /* Debug */,
				BE45931B1B4D4AE90052228E /* Release */,
			);
			defaultConfigurationIsVisible = 0;
			defaultConfigurationName = Release;
		};
/* End XCConfigurationList section */
	};
	rootObject = BE4592E11B4D4AE80052228E /* Project object */;
}
