// !$*UTF8*$!
{
	archiveVersion = 1;
	classes = {
	};
	objectVersion = 46;
	objects = {

/* Begin PBXBuildFile section */
		AFB8EC6920FC4627EC5B205F /* libPods.a in Frameworks */ = {isa = PBXBuildFile; fileRef = FFABC981ABD733EEBBE20A05 /* libPods.a */; };
		BEDE593C1B657063003AB347 /* main.m in Sources */ = {isa = PBXBuildFile; fileRef = BEDE593B1B657063003AB347 /* main.m */; };
		BEDE593F1B657063003AB347 /* AppDelegate.m in Sources */ = {isa = PBXBuildFile; fileRef = BEDE593E1B657063003AB347 /* AppDelegate.m */; };
		BEDE59471B657063003AB347 /* Images.xcassets in Resources */ = {isa = PBXBuildFile; fileRef = BEDE59461B657063003AB347 /* Images.xcassets */; };
		BEDE59561B657063003AB347 /* OneblogiOSTests.m in Sources */ = {isa = PBXBuildFile; fileRef = BEDE59551B657063003AB347 /* OneblogiOSTests.m */; };
		BEDE59651B657331003AB347 /* OBTabBarController.m in Sources */ = {isa = PBXBuildFile; fileRef = BEDE59621B657331003AB347 /* OBTabBarController.m */; };
		BEDE59661B657331003AB347 /* OptionButton.m in Sources */ = {isa = PBXBuildFile; fileRef = BEDE59641B657331003AB347 /* OptionButton.m */; };
		BEDE596A1B65739C003AB347 /* SideMenuViewController.m in Sources */ = {isa = PBXBuildFile; fileRef = BEDE59691B65739C003AB347 /* SideMenuViewController.m */; };
		BEDE596F1B657575003AB347 /* UIColor+Util.m in Sources */ = {isa = PBXBuildFile; fileRef = BEDE596E1B657575003AB347 /* UIColor+Util.m */; };
		BEDE59731B65771E003AB347 /* PostViewController.m in Sources */ = {isa = PBXBuildFile; fileRef = BEDE59721B65771E003AB347 /* PostViewController.m */; };
		BEDE597B1B6577C1003AB347 /* HorizonalTableViewController.m in Sources */ = {isa = PBXBuildFile; fileRef = BEDE59761B6577C1003AB347 /* HorizonalTableViewController.m */; };
		BEDE597C1B6577C1003AB347 /* SwipableViewController.m in Sources */ = {isa = PBXBuildFile; fileRef = BEDE59781B6577C1003AB347 /* SwipableViewController.m */; };
		BEDE597D1B6577C1003AB347 /* TitleBarView.m in Sources */ = {isa = PBXBuildFile; fileRef = BEDE597A1B6577C1003AB347 /* TitleBarView.m */; };
		BEDE59881B657A85003AB347 /* TGMetaWeblogAuthApi.m in Sources */ = {isa = PBXBuildFile; fileRef = BEDE59821B657A85003AB347 /* TGMetaWeblogAuthApi.m */; };
		BEDE59891B657A85003AB347 /* TGMetaWeblogXMLRPCApi.m in Sources */ = {isa = PBXBuildFile; fileRef = BEDE59851B657A85003AB347 /* TGMetaWeblogXMLRPCApi.m */; };
		BEDE598A1B657A85003AB347 /* TGXMLRPCApiClient.m in Sources */ = {isa = PBXBuildFile; fileRef = BEDE59871B657A85003AB347 /* TGXMLRPCApiClient.m */; };
/* End PBXBuildFile section */

/* Begin PBXContainerItemProxy section */
		BEDE59501B657063003AB347 /* PBXContainerItemProxy */ = {
			isa = PBXContainerItemProxy;
			containerPortal = BEDE592E1B657063003AB347 /* Project object */;
			proxyType = 1;
			remoteGlobalIDString = BEDE59351B657063003AB347;
			remoteInfo = OneblogiOS;
		};
/* End PBXContainerItemProxy section */

/* Begin PBXFileReference section */
		5FB39874290F4B520E0E4DEF /* Pods.release.xcconfig */ = {isa = PBXFileReference; includeInIndex = 1; lastKnownFileType = text.xcconfig; name = Pods.release.xcconfig; path = "Pods/Target Support Files/Pods/Pods.release.xcconfig"; sourceTree = "<group>"; };
		BEDE59361B657063003AB347 /* OneblogiOS.app */ = {isa = PBXFileReference; explicitFileType = wrapper.application; includeInIndex = 0; path = OneblogiOS.app; sourceTree = BUILT_PRODUCTS_DIR; };
		BEDE593A1B657063003AB347 /* Info.plist */ = {isa = PBXFileReference; lastKnownFileType = text.plist.xml; path = Info.plist; sourceTree = "<group>"; };
		BEDE593B1B657063003AB347 /* main.m */ = {isa = PBXFileReference; lastKnownFileType = sourcecode.c.objc; path = main.m; sourceTree = "<group>"; };
		BEDE593D1B657063003AB347 /* AppDelegate.h */ = {isa = PBXFileReference; lastKnownFileType = sourcecode.c.h; path = AppDelegate.h; sourceTree = "<group>"; };
		BEDE593E1B657063003AB347 /* AppDelegate.m */ = {isa = PBXFileReference; lastKnownFileType = sourcecode.c.objc; path = AppDelegate.m; sourceTree = "<group>"; };
		BEDE59461B657063003AB347 /* Images.xcassets */ = {isa = PBXFileReference; lastKnownFileType = folder.assetcatalog; path = Images.xcassets; sourceTree = "<group>"; };
		BEDE594F1B657063003AB347 /* OneblogiOSTests.xctest */ = {isa = PBXFileReference; explicitFileType = wrapper.cfbundle; includeInIndex = 0; path = OneblogiOSTests.xctest; sourceTree = BUILT_PRODUCTS_DIR; };
		BEDE59541B657063003AB347 /* Info.plist */ = {isa = PBXFileReference; lastKnownFileType = text.plist.xml; path = Info.plist; sourceTree = "<group>"; };
		BEDE59551B657063003AB347 /* OneblogiOSTests.m */ = {isa = PBXFileReference; lastKnownFileType = sourcecode.c.objc; path = OneblogiOSTests.m; sourceTree = "<group>"; };
		BEDE59611B657331003AB347 /* OBTabBarController.h */ = {isa = PBXFileReference; fileEncoding = 4; lastKnownFileType = sourcecode.c.h; path = OBTabBarController.h; sourceTree = "<group>"; };
		BEDE59621B657331003AB347 /* OBTabBarController.m */ = {isa = PBXFileReference; fileEncoding = 4; lastKnownFileType = sourcecode.c.objc; path = OBTabBarController.m; sourceTree = "<group>"; };
		BEDE59631B657331003AB347 /* OptionButton.h */ = {isa = PBXFileReference; fileEncoding = 4; lastKnownFileType = sourcecode.c.h; path = OptionButton.h; sourceTree = "<group>"; };
		BEDE59641B657331003AB347 /* OptionButton.m */ = {isa = PBXFileReference; fileEncoding = 4; lastKnownFileType = sourcecode.c.objc; path = OptionButton.m; sourceTree = "<group>"; };
		BEDE59681B65739C003AB347 /* SideMenuViewController.h */ = {isa = PBXFileReference; fileEncoding = 4; lastKnownFileType = sourcecode.c.h; path = SideMenuViewController.h; sourceTree = "<group>"; };
		BEDE59691B65739C003AB347 /* SideMenuViewController.m */ = {isa = PBXFileReference; fileEncoding = 4; lastKnownFileType = sourcecode.c.objc; path = SideMenuViewController.m; sourceTree = "<group>"; };
		BEDE596D1B657575003AB347 /* UIColor+Util.h */ = {isa = PBXFileReference; fileEncoding = 4; lastKnownFileType = sourcecode.c.h; path = "UIColor+Util.h"; sourceTree = "<group>"; };
		BEDE596E1B657575003AB347 /* UIColor+Util.m */ = {isa = PBXFileReference; fileEncoding = 4; lastKnownFileType = sourcecode.c.objc; path = "UIColor+Util.m"; sourceTree = "<group>"; };
		BEDE59711B65771E003AB347 /* PostViewController.h */ = {isa = PBXFileReference; fileEncoding = 4; lastKnownFileType = sourcecode.c.h; path = PostViewController.h; sourceTree = "<group>"; };
		BEDE59721B65771E003AB347 /* PostViewController.m */ = {isa = PBXFileReference; fileEncoding = 4; lastKnownFileType = sourcecode.c.objc; path = PostViewController.m; sourceTree = "<group>"; };
		BEDE59751B6577C1003AB347 /* HorizonalTableViewController.h */ = {isa = PBXFileReference; fileEncoding = 4; lastKnownFileType = sourcecode.c.h; path = HorizonalTableViewController.h; sourceTree = "<group>"; };
		BEDE59761B6577C1003AB347 /* HorizonalTableViewController.m */ = {isa = PBXFileReference; fileEncoding = 4; lastKnownFileType = sourcecode.c.objc; path = HorizonalTableViewController.m; sourceTree = "<group>"; };
		BEDE59771B6577C1003AB347 /* SwipableViewController.h */ = {isa = PBXFileReference; fileEncoding = 4; lastKnownFileType = sourcecode.c.h; path = SwipableViewController.h; sourceTree = "<group>"; };
		BEDE59781B6577C1003AB347 /* SwipableViewController.m */ = {isa = PBXFileReference; fileEncoding = 4; lastKnownFileType = sourcecode.c.objc; path = SwipableViewController.m; sourceTree = "<group>"; };
		BEDE59791B6577C1003AB347 /* TitleBarView.h */ = {isa = PBXFileReference; fileEncoding = 4; lastKnownFileType = sourcecode.c.h; path = TitleBarView.h; sourceTree = "<group>"; };
		BEDE597A1B6577C1003AB347 /* TitleBarView.m */ = {isa = PBXFileReference; fileEncoding = 4; lastKnownFileType = sourcecode.c.objc; path = TitleBarView.m; sourceTree = "<group>"; };
		BEDE59801B657A85003AB347 /* TGMetaWeblogApi.h */ = {isa = PBXFileReference; fileEncoding = 4; lastKnownFileType = sourcecode.c.h; name = TGMetaWeblogApi.h; path = TGMetaWeblogApi/TGMetaWeblogApi.h; sourceTree = "<group>"; };
		BEDE59811B657A85003AB347 /* TGMetaWeblogAuthApi.h */ = {isa = PBXFileReference; fileEncoding = 4; lastKnownFileType = sourcecode.c.h; name = TGMetaWeblogAuthApi.h; path = TGMetaWeblogApi/TGMetaWeblogAuthApi.h; sourceTree = "<group>"; };
		BEDE59821B657A85003AB347 /* TGMetaWeblogAuthApi.m */ = {isa = PBXFileReference; fileEncoding = 4; lastKnownFileType = sourcecode.c.objc; name = TGMetaWeblogAuthApi.m; path = TGMetaWeblogApi/TGMetaWeblogAuthApi.m; sourceTree = "<group>"; };
		BEDE59831B657A85003AB347 /* TGMetaWeblogBaseApi.h */ = {isa = PBXFileReference; fileEncoding = 4; lastKnownFileType = sourcecode.c.h; name = TGMetaWeblogBaseApi.h; path = TGMetaWeblogApi/TGMetaWeblogBaseApi.h; sourceTree = "<group>"; };
		BEDE59841B657A85003AB347 /* TGMetaWeblogXMLRPCApi.h */ = {isa = PBXFileReference; fileEncoding = 4; lastKnownFileType = sourcecode.c.h; name = TGMetaWeblogXMLRPCApi.h; path = TGMetaWeblogApi/TGMetaWeblogXMLRPCApi.h; sourceTree = "<group>"; };
		BEDE59851B657A85003AB347 /* TGMetaWeblogXMLRPCApi.m */ = {isa = PBXFileReference; fileEncoding = 4; lastKnownFileType = sourcecode.c.objc; name = TGMetaWeblogXMLRPCApi.m; path = TGMetaWeblogApi/TGMetaWeblogXMLRPCApi.m; sourceTree = "<group>"; };
		BEDE59861B657A85003AB347 /* TGXMLRPCApiClient.h */ = {isa = PBXFileReference; fileEncoding = 4; lastKnownFileType = sourcecode.c.h; name = TGXMLRPCApiClient.h; path = TGMetaWeblogApi/TGXMLRPCApiClient.h; sourceTree = "<group>"; };
		BEDE59871B657A85003AB347 /* TGXMLRPCApiClient.m */ = {isa = PBXFileReference; fileEncoding = 4; lastKnownFileType = sourcecode.c.objc; name = TGXMLRPCApiClient.m; path = TGMetaWeblogApi/TGXMLRPCApiClient.m; sourceTree = "<group>"; };
		E6FB4FA0C44D86823EE371EC /* Pods.debug.xcconfig */ = {isa = PBXFileReference; includeInIndex = 1; lastKnownFileType = text.xcconfig; name = Pods.debug.xcconfig; path = "Pods/Target Support Files/Pods/Pods.debug.xcconfig"; sourceTree = "<group>"; };
		FFABC981ABD733EEBBE20A05 /* libPods.a */ = {isa = PBXFileReference; explicitFileType = archive.ar; includeInIndex = 0; path = libPods.a; sourceTree = BUILT_PRODUCTS_DIR; };
/* End PBXFileReference section */

/* Begin PBXFrameworksBuildPhase section */
		BEDE59331B657063003AB347 /* Frameworks */ = {
			isa = PBXFrameworksBuildPhase;
			buildActionMask = 2147483647;
			files = (
				AFB8EC6920FC4627EC5B205F /* libPods.a in Frameworks */,
			);
			runOnlyForDeploymentPostprocessing = 0;
		};
		BEDE594C1B657063003AB347 /* Frameworks */ = {
			isa = PBXFrameworksBuildPhase;
			buildActionMask = 2147483647;
			files = (
			);
			runOnlyForDeploymentPostprocessing = 0;
		};
/* End PBXFrameworksBuildPhase section */

/* Begin PBXGroup section */
		036819E93B71D9F588DF716F /* Frameworks */ = {
			isa = PBXGroup;
			children = (
				FFABC981ABD733EEBBE20A05 /* libPods.a */,
			);
			name = Frameworks;
			sourceTree = "<group>";
		};
		1E285D551B65D5D7006D3C5D /* 我 */ = {
			isa = PBXGroup;
			children = (
			);
			name = "我";
			sourceTree = "<group>";
		};
		1E285D561B65D5EC006D3C5D /* 消息 */ = {
			isa = PBXGroup;
			children = (
			);
			name = "消息";
			sourceTree = "<group>";
		};
		1E285D571B65D5F6006D3C5D /* 发现 */ = {
			isa = PBXGroup;
			children = (
			);
			name = "发现";
			sourceTree = "<group>";
		};
		566954732E19B9C5152D8DBB /* Pods */ = {
			isa = PBXGroup;
			children = (
				E6FB4FA0C44D86823EE371EC /* Pods.debug.xcconfig */,
				5FB39874290F4B520E0E4DEF /* Pods.release.xcconfig */,
			);
			name = Pods;
			sourceTree = "<group>";
		};
		BEDE592D1B657063003AB347 = {
			isa = PBXGroup;
			children = (
				BEDE59381B657063003AB347 /* OneblogiOS */,
				BEDE59521B657063003AB347 /* OneblogiOSTests */,
				BEDE59371B657063003AB347 /* Products */,
				566954732E19B9C5152D8DBB /* Pods */,
				036819E93B71D9F588DF716F /* Frameworks */,
			);
			sourceTree = "<group>";
		};
		BEDE59371B657063003AB347 /* Products */ = {
			isa = PBXGroup;
			children = (
				BEDE59361B657063003AB347 /* OneblogiOS.app */,
				BEDE594F1B657063003AB347 /* OneblogiOSTests.xctest */,
			);
			name = Products;
			sourceTree = "<group>";
		};
		BEDE59381B657063003AB347 /* OneblogiOS */ = {
			isa = PBXGroup;
			children = (
				BEDE597E1B657A4B003AB347 /* API */,
				BEDE59701B657703003AB347 /* 博客 */,
				1E285D561B65D5EC006D3C5D /* 消息 */,
				1E285D571B65D5F6006D3C5D /* 发现 */,
				1E285D551B65D5D7006D3C5D /* 我 */,
				BEDE596B1B657558003AB347 /* Utils */,
				BEDE595F1B65723E003AB347 /* Main ViewControllers */,
				BEDE593D1B657063003AB347 /* AppDelegate.h */,
				BEDE593E1B657063003AB347 /* AppDelegate.m */,
				BEDE59461B657063003AB347 /* Images.xcassets */,
				BEDE59391B657063003AB347 /* Supporting Files */,
			);
			path = OneblogiOS;
			sourceTree = "<group>";
		};
		BEDE59391B657063003AB347 /* Supporting Files */ = {
			isa = PBXGroup;
			children = (
				BEDE593A1B657063003AB347 /* Info.plist */,
				BEDE593B1B657063003AB347 /* main.m */,
			);
			name = "Supporting Files";
			sourceTree = "<group>";
		};
		BEDE59521B657063003AB347 /* OneblogiOSTests */ = {
			isa = PBXGroup;
			children = (
				BEDE59551B657063003AB347 /* OneblogiOSTests.m */,
				BEDE59531B657063003AB347 /* Supporting Files */,
			);
			path = OneblogiOSTests;
			sourceTree = "<group>";
		};
		BEDE59531B657063003AB347 /* Supporting Files */ = {
			isa = PBXGroup;
			children = (
				BEDE59541B657063003AB347 /* Info.plist */,
			);
			name = "Supporting Files";
			sourceTree = "<group>";
		};
		BEDE595F1B65723E003AB347 /* Main ViewControllers */ = {
			isa = PBXGroup;
			children = (
				BEDE59741B65775B003AB347 /* SwipableViewController */,
				BEDE59671B657374003AB347 /* 侧拉菜单 */,
				BEDE59601B6572A7003AB347 /* Tab Bar */,
			);
			name = "Main ViewControllers";
			sourceTree = "<group>";
		};
		BEDE59601B6572A7003AB347 /* Tab Bar */ = {
			isa = PBXGroup;
			children = (
				BEDE59611B657331003AB347 /* OBTabBarController.h */,
				BEDE59621B657331003AB347 /* OBTabBarController.m */,
				BEDE59631B657331003AB347 /* OptionButton.h */,
				BEDE59641B657331003AB347 /* OptionButton.m */,
			);
			name = "Tab Bar";
			sourceTree = "<group>";
		};
		BEDE59671B657374003AB347 /* 侧拉菜单 */ = {
			isa = PBXGroup;
			children = (
				BEDE59681B65739C003AB347 /* SideMenuViewController.h */,
				BEDE59691B65739C003AB347 /* SideMenuViewController.m */,
			);
			name = "侧拉菜单";
			sourceTree = "<group>";
		};
		BEDE596B1B657558003AB347 /* Utils */ = {
			isa = PBXGroup;
			children = (
				BEDE596C1B65755F003AB347 /* Category */,
			);
			name = Utils;
			sourceTree = "<group>";
		};
		BEDE596C1B65755F003AB347 /* Category */ = {
			isa = PBXGroup;
			children = (
				BEDE596D1B657575003AB347 /* UIColor+Util.h */,
				BEDE596E1B657575003AB347 /* UIColor+Util.m */,
			);
			name = Category;
			sourceTree = "<group>";
		};
		BEDE59701B657703003AB347 /* 博客 */ = {
			isa = PBXGroup;
			children = (
				BEDE59711B65771E003AB347 /* PostViewController.h */,
				BEDE59721B65771E003AB347 /* PostViewController.m */,
			);
			name = "博客";
			sourceTree = "<group>";
		};
		BEDE59741B65775B003AB347 /* SwipableViewController */ = {
			isa = PBXGroup;
			children = (
				BEDE59751B6577C1003AB347 /* HorizonalTableViewController.h */,
				BEDE59761B6577C1003AB347 /* HorizonalTableViewController.m */,
				BEDE59771B6577C1003AB347 /* SwipableViewController.h */,
				BEDE59781B6577C1003AB347 /* SwipableViewController.m */,
				BEDE59791B6577C1003AB347 /* TitleBarView.h */,
				BEDE597A1B6577C1003AB347 /* TitleBarView.m */,
			);
			name = SwipableViewController;
			sourceTree = "<group>";
		};
		BEDE597E1B657A4B003AB347 /* API */ = {
			isa = PBXGroup;
			children = (
				BEDE597F1B657A59003AB347 /* TGMetaWeblogApi */,
			);
			name = API;
			sourceTree = "<group>";
		};
		BEDE597F1B657A59003AB347 /* TGMetaWeblogApi */ = {
			isa = PBXGroup;
			children = (
				BEDE59801B657A85003AB347 /* TGMetaWeblogApi.h */,
				BEDE59811B657A85003AB347 /* TGMetaWeblogAuthApi.h */,
				BEDE59821B657A85003AB347 /* TGMetaWeblogAuthApi.m */,
				BEDE59831B657A85003AB347 /* TGMetaWeblogBaseApi.h */,
				BEDE59841B657A85003AB347 /* TGMetaWeblogXMLRPCApi.h */,
				BEDE59851B657A85003AB347 /* TGMetaWeblogXMLRPCApi.m */,
				BEDE59861B657A85003AB347 /* TGXMLRPCApiClient.h */,
				BEDE59871B657A85003AB347 /* TGXMLRPCApiClient.m */,
			);
			name = TGMetaWeblogApi;
			sourceTree = "<group>";
		};
/* End PBXGroup section */

/* Begin PBXNativeTarget section */
		BEDE59351B657063003AB347 /* OneblogiOS */ = {
			isa = PBXNativeTarget;
			buildConfigurationList = BEDE59591B657063003AB347 /* Build configuration list for PBXNativeTarget "OneblogiOS" */;
			buildPhases = (
				A7346ACAC37585EC2C2234E0 /* Check Pods Manifest.lock */,
				BEDE59321B657063003AB347 /* Sources */,
				BEDE59331B657063003AB347 /* Frameworks */,
				BEDE59341B657063003AB347 /* Resources */,
				D061726373CA895EA189D778 /* Copy Pods Resources */,
			);
			buildRules = (
			);
			dependencies = (
			);
			name = OneblogiOS;
			productName = OneblogiOS;
			productReference = BEDE59361B657063003AB347 /* OneblogiOS.app */;
			productType = "com.apple.product-type.application";
		};
		BEDE594E1B657063003AB347 /* OneblogiOSTests */ = {
			isa = PBXNativeTarget;
			buildConfigurationList = BEDE595C1B657063003AB347 /* Build configuration list for PBXNativeTarget "OneblogiOSTests" */;
			buildPhases = (
				BEDE594B1B657063003AB347 /* Sources */,
				BEDE594C1B657063003AB347 /* Frameworks */,
				BEDE594D1B657063003AB347 /* Resources */,
			);
			buildRules = (
			);
			dependencies = (
				BEDE59511B657063003AB347 /* PBXTargetDependency */,
			);
			name = OneblogiOSTests;
			productName = OneblogiOSTests;
			productReference = BEDE594F1B657063003AB347 /* OneblogiOSTests.xctest */;
			productType = "com.apple.product-type.bundle.unit-test";
		};
/* End PBXNativeTarget section */

/* Begin PBXProject section */
		BEDE592E1B657063003AB347 /* Project object */ = {
			isa = PBXProject;
			attributes = {
				LastUpgradeCheck = 0640;
				ORGANIZATIONNAME = "Terwer Green";
				TargetAttributes = {
					BEDE59351B657063003AB347 = {
						CreatedOnToolsVersion = 6.4;
					};
					BEDE594E1B657063003AB347 = {
						CreatedOnToolsVersion = 6.4;
						TestTargetID = BEDE59351B657063003AB347;
					};
				};
			};
			buildConfigurationList = BEDE59311B657063003AB347 /* Build configuration list for PBXProject "OneblogiOS" */;
			compatibilityVersion = "Xcode 3.2";
			developmentRegion = English;
			hasScannedForEncodings = 0;
			knownRegions = (
				en,
				Base,
			);
			mainGroup = BEDE592D1B657063003AB347;
			productRefGroup = BEDE59371B657063003AB347 /* Products */;
			projectDirPath = "";
			projectRoot = "";
			targets = (
				BEDE59351B657063003AB347 /* OneblogiOS */,
				BEDE594E1B657063003AB347 /* OneblogiOSTests */,
			);
		};
/* End PBXProject section */

/* Begin PBXResourcesBuildPhase section */
		BEDE59341B657063003AB347 /* Resources */ = {
			isa = PBXResourcesBuildPhase;
			buildActionMask = 2147483647;
			files = (
				BEDE59471B657063003AB347 /* Images.xcassets in Resources */,
			);
			runOnlyForDeploymentPostprocessing = 0;
		};
		BEDE594D1B657063003AB347 /* Resources */ = {
			isa = PBXResourcesBuildPhase;
			buildActionMask = 2147483647;
			files = (
			);
			runOnlyForDeploymentPostprocessing = 0;
		};
/* End PBXResourcesBuildPhase section */

/* Begin PBXShellScriptBuildPhase section */
		A7346ACAC37585EC2C2234E0 /* Check Pods Manifest.lock */ = {
			isa = PBXShellScriptBuildPhase;
			buildActionMask = 2147483647;
			files = (
			);
			inputPaths = (
			);
			name = "Check Pods Manifest.lock";
			outputPaths = (
			);
			runOnlyForDeploymentPostprocessing = 0;
			shellPath = /bin/sh;
			shellScript = "diff \"${PODS_ROOT}/../Podfile.lock\" \"${PODS_ROOT}/Manifest.lock\" > /dev/null\nif [[ $? != 0 ]] ; then\n    cat << EOM\nerror: The sandbox is not in sync with the Podfile.lock. Run 'pod install' or update your CocoaPods installation.\nEOM\n    exit 1\nfi\n";
			showEnvVarsInLog = 0;
		};
		D061726373CA895EA189D778 /* Copy Pods Resources */ = {
			isa = PBXShellScriptBuildPhase;
			buildActionMask = 2147483647;
			files = (
			);
			inputPaths = (
			);
			name = "Copy Pods Resources";
			outputPaths = (
			);
			runOnlyForDeploymentPostprocessing = 0;
			shellPath = /bin/sh;
			shellScript = "\"${SRCROOT}/Pods/Target Support Files/Pods/Pods-resources.sh\"\n";
			showEnvVarsInLog = 0;
		};
/* End PBXShellScriptBuildPhase section */

/* Begin PBXSourcesBuildPhase section */
		BEDE59321B657063003AB347 /* Sources */ = {
			isa = PBXSourcesBuildPhase;
			buildActionMask = 2147483647;
			files = (
				BEDE596A1B65739C003AB347 /* SideMenuViewController.m in Sources */,
				BEDE596F1B657575003AB347 /* UIColor+Util.m in Sources */,
				BEDE593F1B657063003AB347 /* AppDelegate.m in Sources */,
				BEDE597C1B6577C1003AB347 /* SwipableViewController.m in Sources */,
				BEDE59891B657A85003AB347 /* TGMetaWeblogXMLRPCApi.m in Sources */,
				BEDE59881B657A85003AB347 /* TGMetaWeblogAuthApi.m in Sources */,
				BEDE59651B657331003AB347 /* OBTabBarController.m in Sources */,
				BEDE59731B65771E003AB347 /* PostViewController.m in Sources */,
				BEDE59661B657331003AB347 /* OptionButton.m in Sources */,
				BEDE597D1B6577C1003AB347 /* TitleBarView.m in Sources */,
				BEDE598A1B657A85003AB347 /* TGXMLRPCApiClient.m in Sources */,
				BEDE597B1B6577C1003AB347 /* HorizonalTableViewController.m in Sources */,
				BEDE593C1B657063003AB347 /* main.m in Sources */,
			);
			runOnlyForDeploymentPostprocessing = 0;
		};
		BEDE594B1B657063003AB347 /* Sources */ = {
			isa = PBXSourcesBuildPhase;
			buildActionMask = 2147483647;
			files = (
				BEDE59561B657063003AB347 /* OneblogiOSTests.m in Sources */,
			);
			runOnlyForDeploymentPostprocessing = 0;
		};
/* End PBXSourcesBuildPhase section */

/* Begin PBXTargetDependency section */
		BEDE59511B657063003AB347 /* PBXTargetDependency */ = {
			isa = PBXTargetDependency;
			target = BEDE59351B657063003AB347 /* OneblogiOS */;
			targetProxy = BEDE59501B657063003AB347 /* PBXContainerItemProxy */;
		};
/* End PBXTargetDependency section */

/* Begin XCBuildConfiguration section */
		BEDE59571B657063003AB347 /* Debug */ = {
			isa = XCBuildConfiguration;
			buildSettings = {
				ALWAYS_SEARCH_USER_PATHS = NO;
				CLANG_CXX_LANGUAGE_STANDARD = "gnu++0x";
				CLANG_CXX_LIBRARY = "libc++";
				CLANG_ENABLE_MODULES = YES;
				CLANG_ENABLE_OBJC_ARC = YES;
				CLANG_WARN_BOOL_CONVERSION = YES;
				CLANG_WARN_CONSTANT_CONVERSION = YES;
				CLANG_WARN_DIRECT_OBJC_ISA_USAGE = YES_ERROR;
				CLANG_WARN_EMPTY_BODY = YES;
				CLANG_WARN_ENUM_CONVERSION = YES;
				CLANG_WARN_INT_CONVERSION = YES;
				CLANG_WARN_OBJC_ROOT_CLASS = YES_ERROR;
				CLANG_WARN_UNREACHABLE_CODE = YES;
				CLANG_WARN__DUPLICATE_METHOD_MATCH = YES;
				"CODE_SIGN_IDENTITY[sdk=iphoneos*]" = "iPhone Developer";
				COPY_PHASE_STRIP = NO;
				DEBUG_INFORMATION_FORMAT = "dwarf-with-dsym";
				ENABLE_STRICT_OBJC_MSGSEND = YES;
				GCC_C_LANGUAGE_STANDARD = gnu99;
				GCC_DYNAMIC_NO_PIC = NO;
				GCC_NO_COMMON_BLOCKS = YES;
				GCC_OPTIMIZATION_LEVEL = 0;
				GCC_PREPROCESSOR_DEFINITIONS = (
					"DEBUG=1",
					"$(inherited)",
				);
				GCC_SYMBOLS_PRIVATE_EXTERN = NO;
				GCC_WARN_64_TO_32_BIT_CONVERSION = YES;
				GCC_WARN_ABOUT_RETURN_TYPE = YES_ERROR;
				GCC_WARN_UNDECLARED_SELECTOR = YES;
				GCC_WARN_UNINITIALIZED_AUTOS = YES_AGGRESSIVE;
				GCC_WARN_UNUSED_FUNCTION = YES;
				GCC_WARN_UNUSED_VARIABLE = YES;
				IPHONEOS_DEPLOYMENT_TARGET = 7.0;
				MTL_ENABLE_DEBUG_INFO = YES;
				ONLY_ACTIVE_ARCH = YES;
				SDKROOT = iphoneos;
				TARGETED_DEVICE_FAMILY = "1,2";
			};
			name = Debug;
		};
		BEDE59581B657063003AB347 /* Release */ = {
			isa = XCBuildConfiguration;
			buildSettings = {
				ALWAYS_SEARCH_USER_PATHS = NO;
				CLANG_CXX_LANGUAGE_STANDARD = "gnu++0x";
				CLANG_CXX_LIBRARY = "libc++";
				CLANG_ENABLE_MODULES = YES;
				CLANG_ENABLE_OBJC_ARC = YES;
				CLANG_WARN_BOOL_CONVERSION = YES;
				CLANG_WARN_CONSTANT_CONVERSION = YES;
				CLANG_WARN_DIRECT_OBJC_ISA_USAGE = YES_ERROR;
				CLANG_WARN_EMPTY_BODY = YES;
				CLANG_WARN_ENUM_CONVERSION = YES;
				CLANG_WARN_INT_CONVERSION = YES;
				CLANG_WARN_OBJC_ROOT_CLASS = YES_ERROR;
				CLANG_WARN_UNREACHABLE_CODE = YES;
				CLANG_WARN__DUPLICATE_METHOD_MATCH = YES;
				"CODE_SIGN_IDENTITY[sdk=iphoneos*]" = "iPhone Developer";
				COPY_PHASE_STRIP = NO;
				DEBUG_INFORMATION_FORMAT = "dwarf-with-dsym";
				ENABLE_NS_ASSERTIONS = NO;
				ENABLE_STRICT_OBJC_MSGSEND = YES;
				GCC_C_LANGUAGE_STANDARD = gnu99;
				GCC_NO_COMMON_BLOCKS = YES;
				GCC_WARN_64_TO_32_BIT_CONVERSION = YES;
				GCC_WARN_ABOUT_RETURN_TYPE = YES_ERROR;
				GCC_WARN_UNDECLARED_SELECTOR = YES;
				GCC_WARN_UNINITIALIZED_AUTOS = YES_AGGRESSIVE;
				GCC_WARN_UNUSED_FUNCTION = YES;
				GCC_WARN_UNUSED_VARIABLE = YES;
				IPHONEOS_DEPLOYMENT_TARGET = 7.0;
				MTL_ENABLE_DEBUG_INFO = NO;
				SDKROOT = iphoneos;
				TARGETED_DEVICE_FAMILY = "1,2";
				VALIDATE_PRODUCT = YES;
			};
			name = Release;
		};
		BEDE595A1B657063003AB347 /* Debug */ = {
			isa = XCBuildConfiguration;
			baseConfigurationReference = E6FB4FA0C44D86823EE371EC /* Pods.debug.xcconfig */;
			buildSettings = {
				ASSETCATALOG_COMPILER_APPICON_NAME = AppIcon;
				ASSETCATALOG_COMPILER_LAUNCHIMAGE_NAME = LaunchImage;
				INFOPLIST_FILE = OneblogiOS/Info.plist;
				LD_RUNPATH_SEARCH_PATHS = "$(inherited) @executable_path/Frameworks";
				PRODUCT_NAME = "$(TARGET_NAME)";
			};
			name = Debug;
		};
		BEDE595B1B657063003AB347 /* Release */ = {
			isa = XCBuildConfiguration;
			baseConfigurationReference = 5FB39874290F4B520E0E4DEF /* Pods.release.xcconfig */;
			buildSettings = {
				ASSETCATALOG_COMPILER_APPICON_NAME = AppIcon;
				ASSETCATALOG_COMPILER_LAUNCHIMAGE_NAME = LaunchImage;
				INFOPLIST_FILE = OneblogiOS/Info.plist;
				LD_RUNPATH_SEARCH_PATHS = "$(inherited) @executable_path/Frameworks";
				PRODUCT_NAME = "$(TARGET_NAME)";
			};
			name = Release;
		};
		BEDE595D1B657063003AB347 /* Debug */ = {
			isa = XCBuildConfiguration;
			buildSettings = {
				BUNDLE_LOADER = "$(TEST_HOST)";
				FRAMEWORK_SEARCH_PATHS = (
					"$(SDKROOT)/Developer/Library/Frameworks",
					"$(inherited)",
				);
				GCC_PREPROCESSOR_DEFINITIONS = (
					"DEBUG=1",
					"$(inherited)",
				);
				INFOPLIST_FILE = OneblogiOSTests/Info.plist;
				LD_RUNPATH_SEARCH_PATHS = "$(inherited) @executable_path/Frameworks @loader_path/Frameworks";
				PRODUCT_NAME = "$(TARGET_NAME)";
				TEST_HOST = "$(BUILT_PRODUCTS_DIR)/OneblogiOS.app/OneblogiOS";
			};
			name = Debug;
		};
		BEDE595E1B657063003AB347 /* Release */ = {
			isa = XCBuildConfiguration;
			buildSettings = {
				BUNDLE_LOADER = "$(TEST_HOST)";
				FRAMEWORK_SEARCH_PATHS = (
					"$(SDKROOT)/Developer/Library/Frameworks",
					"$(inherited)",
				);
				INFOPLIST_FILE = OneblogiOSTests/Info.plist;
				LD_RUNPATH_SEARCH_PATHS = "$(inherited) @executable_path/Frameworks @loader_path/Frameworks";
				PRODUCT_NAME = "$(TARGET_NAME)";
				TEST_HOST = "$(BUILT_PRODUCTS_DIR)/OneblogiOS.app/OneblogiOS";
			};
			name = Release;
		};
/* End XCBuildConfiguration section */

/* Begin XCConfigurationList section */
		BEDE59311B657063003AB347 /* Build configuration list for PBXProject "OneblogiOS" */ = {
			isa = XCConfigurationList;
			buildConfigurations = (
				BEDE59571B657063003AB347 /* Debug */,
				BEDE59581B657063003AB347 /* Release */,
			);
			defaultConfigurationIsVisible = 0;
			defaultConfigurationName = Release;
		};
		BEDE59591B657063003AB347 /* Build configuration list for PBXNativeTarget "OneblogiOS" */ = {
			isa = XCConfigurationList;
			buildConfigurations = (
				BEDE595A1B657063003AB347 /* Debug */,
				BEDE595B1B657063003AB347 /* Release */,
			);
			defaultConfigurationIsVisible = 0;
			defaultConfigurationName = Release;
		};
		BEDE595C1B657063003AB347 /* Build configuration list for PBXNativeTarget "OneblogiOSTests" */ = {
			isa = XCConfigurationList;
			buildConfigurations = (
				BEDE595D1B657063003AB347 /* Debug */,
				BEDE595E1B657063003AB347 /* Release */,
			);
			defaultConfigurationIsVisible = 0;
			defaultConfigurationName = Release;
		};
/* End XCConfigurationList section */
	};
	rootObject = BEDE592E1B657063003AB347 /* Project object */;
}
